{
  "requires": true,
  "lockfileVersion": 1,
  "dependencies": {
    "three": {
      "version": "0.137.2",
      "resolved": "https://registry.npmjs.org/three/-/three-0.137.2.tgz",
      "integrity": "sha512-xpolba5gUR10WOH3Msi4hcfJoCuQsfGUTGhRmAuic4mgCAtfHFM8E/yk+jYWHlkG/Qjf5Xg+Qij6gGXIOwV8Tw=="
    }
  }
}
